
Microsoft Visual Studio Solution File, Format Version 12.00
# Visual Studio Version 17
VisualStudioVersion = 17.3.32901.215
MinimumVisualStudioVersion = 10.0.40219.1
Project("{9A19103F-16F7-4668-BE54-9A1E7A4F7556}") = "Tests", "src\Tests\Tests.csproj", "{6A87D8AE-E191-4149-B2AD-C874482DE8E1}"
EndProject
Project("{9A19103F-16F7-4668-BE54-9A1E7A4F7556}") = "GraphQLClient", "src\GraphQLClient\GraphQLClient.csproj", "{245FBDF8-A572-4387-8B8B-0A49FB66BF90}"
EndProject
Project("{FAE04EC0-301F-11D3-BF4B-00C04F79EFBC}") = "Extension", "src\Extension\Extension.csproj", "{65834349-0ABD-474E-BCAD-EADE07914A62}"
EndProject
Global
	GlobalSection(SolutionConfigurationPlatforms) = preSolution
		Debug|Any CPU = Debug|Any CPU
		Debug|x86 = Debug|x86
		Release|Any CPU = Release|Any CPU
		Release|x86 = Release|x86
	EndGlobalSection
	GlobalSection(ProjectConfigurationPlatforms) = postSolution
		{6A87D8AE-E191-4149-B2AD-C874482DE8E1}.Debug|Any CPU.ActiveCfg = Debug|Any CPU
		{6A87D8AE-E191-4149-B2AD-C874482DE8E1}.Debug|Any CPU.Build.0 = Debug|Any CPU
		{6A87D8AE-E191-4149-B2AD-C874482DE8E1}.Debug|x86.ActiveCfg = Debug|Any CPU
		{6A87D8AE-E191-4149-B2AD-C874482DE8E1}.Debug|x86.Build.0 = Debug|Any CPU
		{6A87D8AE-E191-4149-B2AD-C874482DE8E1}.Release|Any CPU.ActiveCfg = Release|Any CPU
		{6A87D8AE-E191-4149-B2AD-C874482DE8E1}.Release|Any CPU.Build.0 = Release|Any CPU
		{6A87D8AE-E191-4149-B2AD-C874482DE8E1}.Release|x86.ActiveCfg = Release|Any CPU
		{6A87D8AE-E191-4149-B2AD-C874482DE8E1}.Release|x86.Build.0 = Release|Any CPU
		{245FBDF8-A572-4387-8B8B-0A49FB66BF90}.Debug|Any CPU.ActiveCfg = Debug|Any CPU
		{245FBDF8-A572-4387-8B8B-0A49FB66BF90}.Debug|Any CPU.Build.0 = Debug|Any CPU
		{245FBDF8-A572-4387-8B8B-0A49FB66BF90}.Debug|x86.ActiveCfg = Debug|Any CPU
		{245FBDF8-A572-4387-8B8B-0A49FB66BF90}.Debug|x86.Build.0 = Debug|Any CPU
		{245FBDF8-A572-4387-8B8B-0A49FB66BF90}.Release|Any CPU.ActiveCfg = Release|Any CPU
		{245FBDF8-A572-4387-8B8B-0A49FB66BF90}.Release|Any CPU.Build.0 = Release|Any CPU
		{245FBDF8-A572-4387-8B8B-0A49FB66BF90}.Release|x86.ActiveCfg = Release|Any CPU
		{245FBDF8-A572-4387-8B8B-0A49FB66BF90}.Release|x86.Build.0 = Release|Any CPU
		{65834349-0ABD-474E-BCAD-EADE07914A62}.Debug|Any CPU.ActiveCfg = Debug|Any CPU
		{65834349-0ABD-474E-BCAD-EADE07914A62}.Debug|Any CPU.Build.0 = Debug|Any CPU
		{65834349-0ABD-474E-BCAD-EADE07914A62}.Debug|x86.ActiveCfg = Debug|x86
		{65834349-0ABD-474E-BCAD-EADE07914A62}.Debug|x86.Build.0 = Debug|x86
		{65834349-0ABD-474E-BCAD-EADE07914A62}.Release|Any CPU.ActiveCfg = Release|Any CPU
		{65834349-0ABD-474E-BCAD-EADE07914A62}.Release|Any CPU.Build.0 = Release|Any CPU
		{65834349-0ABD-474E-BCAD-EADE07914A62}.Release|x86.ActiveCfg = Release|x86
		{65834349-0ABD-474E-BCAD-EADE07914A62}.Release|x86.Build.0 = Release|x86
	EndGlobalSection
	GlobalSection(SolutionProperties) = preSolution
		HideSolutionNode = FALSE
	EndGlobalSection
	GlobalSection(ExtensibilityGlobals) = postSolution
		SolutionGuid = {06D650D4-75B8-4D6B-9AC4-34D9B14D95F8}
	EndGlobalSection
EndGlobal
